<?xml version="1.0" encoding="UTF-8"?>
<Scheme
   version = "1.3">
   <BuildAction>
      <BuildActionEntries>
         <BuildActionEntry
            buildForRunning = "YES">
            <BuildableReference
               BuildableIdentifier = "primary"
               BlueprintIdentifier = "6B9FD26414BEF008006F8D04"
               BlueprintName = "Model-Object-Explorer"
               ReferencedContainer = "container:expanz-iOS-Project-Generator.xcodeproj"
               BuildableName = "Model-Object-Explorer.app">
            </BuildableReference>
         </BuildActionEntry>
      </BuildActionEntries>
   </BuildAction>
   <LaunchAction
      selectedDebuggerIdentifier = "Xcode.DebuggerFoundation.Debugger.GDB"
      selectedLauncherIdentifier = "Xcode.DebuggerFoundation.Launcher.GDB"
      useCustomWorkingDirectory = "NO"
      buildConfiguration = "Debug">
      <BuildableProductRunnable>
         <BuildableReference
            BuildableIdentifier = "primary"
            BlueprintIdentifier = "6B9FD26414BEF008006F8D04"
            BlueprintName = "Model-Object-Explorer"
            ReferencedContainer = "container:expanz-iOS-Project-Generator.xcodeproj"
            BuildableName = "Model-Object-Explorer.app">
         </BuildableReference>
      </BuildableProductRunnable>
      <CommandLineArguments>
         <CommandLineArgument
            argument = "-expanzProjectDirectory=/Users/jblues/ExpanzProjects/AHooYah"
            isEnabled = "YES">
         </CommandLineArgument>
      </CommandLineArguments>
   </LaunchAction>
</Scheme>
