<?xml version="1.0" encoding="UTF-8"?>
<Scheme
   version = "1.3">
   <BuildAction>
      <BuildActionEntries>
         <BuildActionEntry
            buildForRunning = "YES">
            <BuildableReference
               BuildableIdentifier = "primary"
               BlueprintIdentifier = "6BCEC01714BBD88700538D1D"
               BlueprintName = "xcodePlugin"
               ReferencedContainer = "container:expanz-iOS-Project-Generator.xcodeproj"
               BuildableName = "expanz-xcodePlugin.xcplugin">
            </BuildableReference>
         </BuildActionEntry>
      </BuildActionEntries>
   </BuildAction>
   <LaunchAction
      selectedDebuggerIdentifier = "Xcode.DebuggerFoundation.Debugger.GDB"
      selectedLauncherIdentifier = "Xcode.DebuggerFoundation.Launcher.GDB"
      useCustomWorkingDirectory = "NO"
      buildConfiguration = "Debug">
      <BuildableProductRunnable>
         <BuildableReference
            BuildableIdentifier = "primary"
            BlueprintIdentifier = "6BCEC01714BBD88700538D1D"
            BlueprintName = "xcodePlugin"
            ReferencedContainer = "container:expanz-iOS-Project-Generator.xcodeproj"
            BuildableName = "expanz-xcodePlugin.xcplugin">
         </BuildableReference>
      </BuildableProductRunnable>
   </LaunchAction>
</Scheme>
